
Microsoft Visual Studio Solution File, Format Version 12.00
# Visual Studio Version 16
VisualStudioVersion = 16.0.29318.209
MinimumVisualStudioVersion = 10.0.40219.1
Project("{9A19103F-16F7-4668-BE54-9A1E7A4F7556}") = "FrostDB", "Frost\FrostDB.csproj", "{CD3F0E63-C9EE-4746-9B14-EEB97C38208A}"
EndProject
Project("{9A19103F-16F7-4668-BE54-9A1E7A4F7556}") = "Harness", "Harness\Harness.csproj", "{EC3ED426-F92D-4F7A-870C-9439DB9D8F12}"
EndProject
Project("{9A19103F-16F7-4668-BE54-9A1E7A4F7556}") = "FrostConsole", "FrostConsole\FrostConsole.csproj", "{F66F4713-B625-4BFC-82B9-6F3268580158}"
EndProject
Project("{FAE04EC0-301F-11D3-BF4B-00C04F79EFBC}") = "FrostUWP", "FrostUWP\FrostUWP.csproj", "{CE2D69EC-7CB6-4623-875D-79EBBB2E32D6}"
EndProject
Project("{9A19103F-16F7-4668-BE54-9A1E7A4F7556}") = "FrostDbClient", "FrostDbClient\FrostDbClient.csproj", "{FE0FBE6E-BDBF-4E7C-868C-BAC5A63C275C}"
EndProject
Project("{9A19103F-16F7-4668-BE54-9A1E7A4F7556}") = "FrostCommon", "FrostCommon\FrostCommon.csproj", "{37847C95-5291-4717-A2C1-45F6AF63BAA4}"
EndProject
Project("{FAE04EC0-301F-11D3-BF4B-00C04F79EFBC}") = "FrostForm", "FrostForm\FrostForm.csproj", "{9AFA39B5-59C2-44C0-9EED-E072C33F4C3F}"
EndProject
Global
	GlobalSection(SolutionConfigurationPlatforms) = preSolution
		Debug|Any CPU = Debug|Any CPU
		Debug|ARM = Debug|ARM
		Debug|ARM64 = Debug|ARM64
		Debug|x64 = Debug|x64
		Debug|x86 = Debug|x86
		Release|Any CPU = Release|Any CPU
		Release|ARM = Release|ARM
		Release|ARM64 = Release|ARM64
		Release|x64 = Release|x64
		Release|x86 = Release|x86
	EndGlobalSection
	GlobalSection(ProjectConfigurationPlatforms) = postSolution
		{CD3F0E63-C9EE-4746-9B14-EEB97C38208A}.Debug|Any CPU.ActiveCfg = Debug|Any CPU
		{CD3F0E63-C9EE-4746-9B14-EEB97C38208A}.Debug|Any CPU.Build.0 = Debug|Any CPU
		{CD3F0E63-C9EE-4746-9B14-EEB97C38208A}.Debug|ARM.ActiveCfg = Debug|Any CPU
		{CD3F0E63-C9EE-4746-9B14-EEB97C38208A}.Debug|ARM.Build.0 = Debug|Any CPU
		{CD3F0E63-C9EE-4746-9B14-EEB97C38208A}.Debug|ARM64.ActiveCfg = Debug|Any CPU
		{CD3F0E63-C9EE-4746-9B14-EEB97C38208A}.Debug|ARM64.Build.0 = Debug|Any CPU
		{CD3F0E63-C9EE-4746-9B14-EEB97C38208A}.Debug|x64.ActiveCfg = Debug|Any CPU
		{CD3F0E63-C9EE-4746-9B14-EEB97C38208A}.Debug|x64.Build.0 = Debug|Any CPU
		{CD3F0E63-C9EE-4746-9B14-EEB97C38208A}.Debug|x86.ActiveCfg = Debug|Any CPU
		{CD3F0E63-C9EE-4746-9B14-EEB97C38208A}.Debug|x86.Build.0 = Debug|Any CPU
		{CD3F0E63-C9EE-4746-9B14-EEB97C38208A}.Release|Any CPU.ActiveCfg = Release|Any CPU
		{CD3F0E63-C9EE-4746-9B14-EEB97C38208A}.Release|Any CPU.Build.0 = Release|Any CPU
		{CD3F0E63-C9EE-4746-9B14-EEB97C38208A}.Release|ARM.ActiveCfg = Release|Any CPU
		{CD3F0E63-C9EE-4746-9B14-EEB97C38208A}.Release|ARM.Build.0 = Release|Any CPU
		{CD3F0E63-C9EE-4746-9B14-EEB97C38208A}.Release|ARM64.ActiveCfg = Release|Any CPU
		{CD3F0E63-C9EE-4746-9B14-EEB97C38208A}.Release|ARM64.Build.0 = Release|Any CPU
		{CD3F0E63-C9EE-4746-9B14-EEB97C38208A}.Release|x64.ActiveCfg = Release|Any CPU
		{CD3F0E63-C9EE-4746-9B14-EEB97C38208A}.Release|x64.Build.0 = Release|Any CPU
		{CD3F0E63-C9EE-4746-9B14-EEB97C38208A}.Release|x86.ActiveCfg = Release|Any CPU
		{CD3F0E63-C9EE-4746-9B14-EEB97C38208A}.Release|x86.Build.0 = Release|Any CPU
		{EC3ED426-F92D-4F7A-870C-9439DB9D8F12}.Debug|Any CPU.ActiveCfg = Debug|Any CPU
		{EC3ED426-F92D-4F7A-870C-9439DB9D8F12}.Debug|Any CPU.Build.0 = Debug|Any CPU
		{EC3ED426-F92D-4F7A-870C-9439DB9D8F12}.Debug|ARM.ActiveCfg = Debug|Any CPU
		{EC3ED426-F92D-4F7A-870C-9439DB9D8F12}.Debug|ARM.Build.0 = Debug|Any CPU
		{EC3ED426-F92D-4F7A-870C-9439DB9D8F12}.Debug|ARM64.ActiveCfg = Debug|Any CPU
		{EC3ED426-F92D-4F7A-870C-9439DB9D8F12}.Debug|ARM64.Build.0 = Debug|Any CPU
		{EC3ED426-F92D-4F7A-870C-9439DB9D8F12}.Debug|x64.ActiveCfg = Debug|Any CPU
		{EC3ED426-F92D-4F7A-870C-9439DB9D8F12}.Debug|x64.Build.0 = Debug|Any CPU
		{EC3ED426-F92D-4F7A-870C-9439DB9D8F12}.Debug|x86.ActiveCfg = Debug|Any CPU
		{EC3ED426-F92D-4F7A-870C-9439DB9D8F12}.Debug|x86.Build.0 = Debug|Any CPU
		{EC3ED426-F92D-4F7A-870C-9439DB9D8F12}.Release|Any CPU.ActiveCfg = Release|Any CPU
		{EC3ED426-F92D-4F7A-870C-9439DB9D8F12}.Release|Any CPU.Build.0 = Release|Any CPU
		{EC3ED426-F92D-4F7A-870C-9439DB9D8F12}.Release|ARM.ActiveCfg = Release|Any CPU
		{EC3ED426-F92D-4F7A-870C-9439DB9D8F12}.Release|ARM.Build.0 = Release|Any CPU
		{EC3ED426-F92D-4F7A-870C-9439DB9D8F12}.Release|ARM64.ActiveCfg = Release|Any CPU
		{EC3ED426-F92D-4F7A-870C-9439DB9D8F12}.Release|ARM64.Build.0 = Release|Any CPU
		{EC3ED426-F92D-4F7A-870C-9439DB9D8F12}.Release|x64.ActiveCfg = Release|Any CPU
		{EC3ED426-F92D-4F7A-870C-9439DB9D8F12}.Release|x64.Build.0 = Release|Any CPU
		{EC3ED426-F92D-4F7A-870C-9439DB9D8F12}.Release|x86.ActiveCfg = Release|Any CPU
		{EC3ED426-F92D-4F7A-870C-9439DB9D8F12}.Release|x86.Build.0 = Release|Any CPU
		{F66F4713-B625-4BFC-82B9-6F3268580158}.Debug|Any CPU.ActiveCfg = Debug|Any CPU
		{F66F4713-B625-4BFC-82B9-6F3268580158}.Debug|Any CPU.Build.0 = Debug|Any CPU
		{F66F4713-B625-4BFC-82B9-6F3268580158}.Debug|ARM.ActiveCfg = Debug|Any CPU
		{F66F4713-B625-4BFC-82B9-6F3268580158}.Debug|ARM.Build.0 = Debug|Any CPU
		{F66F4713-B625-4BFC-82B9-6F3268580158}.Debug|ARM64.ActiveCfg = Debug|Any CPU
		{F66F4713-B625-4BFC-82B9-6F3268580158}.Debug|ARM64.Build.0 = Debug|Any CPU
		{F66F4713-B625-4BFC-82B9-6F3268580158}.Debug|x64.ActiveCfg = Debug|Any CPU
		{F66F4713-B625-4BFC-82B9-6F3268580158}.Debug|x64.Build.0 = Debug|Any CPU
		{F66F4713-B625-4BFC-82B9-6F3268580158}.Debug|x86.ActiveCfg = Debug|Any CPU
		{F66F4713-B625-4BFC-82B9-6F3268580158}.Debug|x86.Build.0 = Debug|Any CPU
		{F66F4713-B625-4BFC-82B9-6F3268580158}.Release|Any CPU.ActiveCfg = Release|Any CPU
		{F66F4713-B625-4BFC-82B9-6F3268580158}.Release|Any CPU.Build.0 = Release|Any CPU
		{F66F4713-B625-4BFC-82B9-6F3268580158}.Release|ARM.ActiveCfg = Release|Any CPU
		{F66F4713-B625-4BFC-82B9-6F3268580158}.Release|ARM.Build.0 = Release|Any CPU
		{F66F4713-B625-4BFC-82B9-6F3268580158}.Release|ARM64.ActiveCfg = Release|Any CPU
		{F66F4713-B625-4BFC-82B9-6F3268580158}.Release|ARM64.Build.0 = Release|Any CPU
		{F66F4713-B625-4BFC-82B9-6F3268580158}.Release|x64.ActiveCfg = Release|Any CPU
		{F66F4713-B625-4BFC-82B9-6F3268580158}.Release|x64.Build.0 = Release|Any CPU
		{F66F4713-B625-4BFC-82B9-6F3268580158}.Release|x86.ActiveCfg = Release|Any CPU
		{F66F4713-B625-4BFC-82B9-6F3268580158}.Release|x86.Build.0 = Release|Any CPU
		{CE2D69EC-7CB6-4623-875D-79EBBB2E32D6}.Debug|Any CPU.ActiveCfg = Debug|x86
		{CE2D69EC-7CB6-4623-875D-79EBBB2E32D6}.Debug|ARM.ActiveCfg = Debug|ARM
		{CE2D69EC-7CB6-4623-875D-79EBBB2E32D6}.Debug|ARM.Build.0 = Debug|ARM
		{CE2D69EC-7CB6-4623-875D-79EBBB2E32D6}.Debug|ARM.Deploy.0 = Debug|ARM
		{CE2D69EC-7CB6-4623-875D-79EBBB2E32D6}.Debug|ARM64.ActiveCfg = Debug|ARM64
		{CE2D69EC-7CB6-4623-875D-79EBBB2E32D6}.Debug|ARM64.Build.0 = Debug|ARM64
		{CE2D69EC-7CB6-4623-875D-79EBBB2E32D6}.Debug|ARM64.Deploy.0 = Debug|ARM64
		{CE2D69EC-7CB6-4623-875D-79EBBB2E32D6}.Debug|x64.ActiveCfg = Debug|x64
		{CE2D69EC-7CB6-4623-875D-79EBBB2E32D6}.Debug|x64.Build.0 = Debug|x64
		{CE2D69EC-7CB6-4623-875D-79EBBB2E32D6}.Debug|x64.Deploy.0 = Debug|x64
		{CE2D69EC-7CB6-4623-875D-79EBBB2E32D6}.Debug|x86.ActiveCfg = Debug|x86
		{CE2D69EC-7CB6-4623-875D-79EBBB2E32D6}.Debug|x86.Build.0 = Debug|x86
		{CE2D69EC-7CB6-4623-875D-79EBBB2E32D6}.Debug|x86.Deploy.0 = Debug|x86
		{CE2D69EC-7CB6-4623-875D-79EBBB2E32D6}.Release|Any CPU.ActiveCfg = Release|x86
		{CE2D69EC-7CB6-4623-875D-79EBBB2E32D6}.Release|ARM.ActiveCfg = Release|ARM
		{CE2D69EC-7CB6-4623-875D-79EBBB2E32D6}.Release|ARM.Build.0 = Release|ARM
		{CE2D69EC-7CB6-4623-875D-79EBBB2E32D6}.Release|ARM.Deploy.0 = Release|ARM
		{CE2D69EC-7CB6-4623-875D-79EBBB2E32D6}.Release|ARM64.ActiveCfg = Release|ARM64
		{CE2D69EC-7CB6-4623-875D-79EBBB2E32D6}.Release|ARM64.Build.0 = Release|ARM64
		{CE2D69EC-7CB6-4623-875D-79EBBB2E32D6}.Release|ARM64.Deploy.0 = Release|ARM64
		{CE2D69EC-7CB6-4623-875D-79EBBB2E32D6}.Release|x64.ActiveCfg = Release|x64
		{CE2D69EC-7CB6-4623-875D-79EBBB2E32D6}.Release|x64.Build.0 = Release|x64
		{CE2D69EC-7CB6-4623-875D-79EBBB2E32D6}.Release|x64.Deploy.0 = Release|x64
		{CE2D69EC-7CB6-4623-875D-79EBBB2E32D6}.Release|x86.ActiveCfg = Release|x86
		{CE2D69EC-7CB6-4623-875D-79EBBB2E32D6}.Release|x86.Build.0 = Release|x86
		{CE2D69EC-7CB6-4623-875D-79EBBB2E32D6}.Release|x86.Deploy.0 = Release|x86
		{FE0FBE6E-BDBF-4E7C-868C-BAC5A63C275C}.Debug|Any CPU.ActiveCfg = Debug|Any CPU
		{FE0FBE6E-BDBF-4E7C-868C-BAC5A63C275C}.Debug|Any CPU.Build.0 = Debug|Any CPU
		{FE0FBE6E-BDBF-4E7C-868C-BAC5A63C275C}.Debug|ARM.ActiveCfg = Debug|Any CPU
		{FE0FBE6E-BDBF-4E7C-868C-BAC5A63C275C}.Debug|ARM.Build.0 = Debug|Any CPU
		{FE0FBE6E-BDBF-4E7C-868C-BAC5A63C275C}.Debug|ARM64.ActiveCfg = Debug|Any CPU
		{FE0FBE6E-BDBF-4E7C-868C-BAC5A63C275C}.Debug|ARM64.Build.0 = Debug|Any CPU
		{FE0FBE6E-BDBF-4E7C-868C-BAC5A63C275C}.Debug|x64.ActiveCfg = Debug|Any CPU
		{FE0FBE6E-BDBF-4E7C-868C-BAC5A63C275C}.Debug|x64.Build.0 = Debug|Any CPU
		{FE0FBE6E-BDBF-4E7C-868C-BAC5A63C275C}.Debug|x86.ActiveCfg = Debug|Any CPU
		{FE0FBE6E-BDBF-4E7C-868C-BAC5A63C275C}.Debug|x86.Build.0 = Debug|Any CPU
		{FE0FBE6E-BDBF-4E7C-868C-BAC5A63C275C}.Release|Any CPU.ActiveCfg = Release|Any CPU
		{FE0FBE6E-BDBF-4E7C-868C-BAC5A63C275C}.Release|Any CPU.Build.0 = Release|Any CPU
		{FE0FBE6E-BDBF-4E7C-868C-BAC5A63C275C}.Release|ARM.ActiveCfg = Release|Any CPU
		{FE0FBE6E-BDBF-4E7C-868C-BAC5A63C275C}.Release|ARM.Build.0 = Release|Any CPU
		{FE0FBE6E-BDBF-4E7C-868C-BAC5A63C275C}.Release|ARM64.ActiveCfg = Release|Any CPU
		{FE0FBE6E-BDBF-4E7C-868C-BAC5A63C275C}.Release|ARM64.Build.0 = Release|Any CPU
		{FE0FBE6E-BDBF-4E7C-868C-BAC5A63C275C}.Release|x64.ActiveCfg = Release|Any CPU
		{FE0FBE6E-BDBF-4E7C-868C-BAC5A63C275C}.Release|x64.Build.0 = Release|Any CPU
		{FE0FBE6E-BDBF-4E7C-868C-BAC5A63C275C}.Release|x86.ActiveCfg = Release|Any CPU
		{FE0FBE6E-BDBF-4E7C-868C-BAC5A63C275C}.Release|x86.Build.0 = Release|Any CPU
		{37847C95-5291-4717-A2C1-45F6AF63BAA4}.Debug|Any CPU.ActiveCfg = Debug|Any CPU
		{37847C95-5291-4717-A2C1-45F6AF63BAA4}.Debug|Any CPU.Build.0 = Debug|Any CPU
		{37847C95-5291-4717-A2C1-45F6AF63BAA4}.Debug|ARM.ActiveCfg = Debug|Any CPU
		{37847C95-5291-4717-A2C1-45F6AF63BAA4}.Debug|ARM.Build.0 = Debug|Any CPU
		{37847C95-5291-4717-A2C1-45F6AF63BAA4}.Debug|ARM64.ActiveCfg = Debug|Any CPU
		{37847C95-5291-4717-A2C1-45F6AF63BAA4}.Debug|ARM64.Build.0 = Debug|Any CPU
		{37847C95-5291-4717-A2C1-45F6AF63BAA4}.Debug|x64.ActiveCfg = Debug|Any CPU
		{37847C95-5291-4717-A2C1-45F6AF63BAA4}.Debug|x64.Build.0 = Debug|Any CPU
		{37847C95-5291-4717-A2C1-45F6AF63BAA4}.Debug|x86.ActiveCfg = Debug|Any CPU
		{37847C95-5291-4717-A2C1-45F6AF63BAA4}.Debug|x86.Build.0 = Debug|Any CPU
		{37847C95-5291-4717-A2C1-45F6AF63BAA4}.Release|Any CPU.ActiveCfg = Release|Any CPU
		{37847C95-5291-4717-A2C1-45F6AF63BAA4}.Release|Any CPU.Build.0 = Release|Any CPU
		{37847C95-5291-4717-A2C1-45F6AF63BAA4}.Release|ARM.ActiveCfg = Release|Any CPU
		{37847C95-5291-4717-A2C1-45F6AF63BAA4}.Release|ARM.Build.0 = Release|Any CPU
		{37847C95-5291-4717-A2C1-45F6AF63BAA4}.Release|ARM64.ActiveCfg = Release|Any CPU
		{37847C95-5291-4717-A2C1-45F6AF63BAA4}.Release|ARM64.Build.0 = Release|Any CPU
		{37847C95-5291-4717-A2C1-45F6AF63BAA4}.Release|x64.ActiveCfg = Release|Any CPU
		{37847C95-5291-4717-A2C1-45F6AF63BAA4}.Release|x64.Build.0 = Release|Any CPU
		{37847C95-5291-4717-A2C1-45F6AF63BAA4}.Release|x86.ActiveCfg = Release|Any CPU
		{37847C95-5291-4717-A2C1-45F6AF63BAA4}.Release|x86.Build.0 = Release|Any CPU
		{9AFA39B5-59C2-44C0-9EED-E072C33F4C3F}.Debug|Any CPU.ActiveCfg = Debug|Any CPU
		{9AFA39B5-59C2-44C0-9EED-E072C33F4C3F}.Debug|Any CPU.Build.0 = Debug|Any CPU
		{9AFA39B5-59C2-44C0-9EED-E072C33F4C3F}.Debug|ARM.ActiveCfg = Debug|Any CPU
		{9AFA39B5-59C2-44C0-9EED-E072C33F4C3F}.Debug|ARM.Build.0 = Debug|Any CPU
		{9AFA39B5-59C2-44C0-9EED-E072C33F4C3F}.Debug|ARM64.ActiveCfg = Debug|Any CPU
		{9AFA39B5-59C2-44C0-9EED-E072C33F4C3F}.Debug|ARM64.Build.0 = Debug|Any CPU
		{9AFA39B5-59C2-44C0-9EED-E072C33F4C3F}.Debug|x64.ActiveCfg = Debug|Any CPU
		{9AFA39B5-59C2-44C0-9EED-E072C33F4C3F}.Debug|x64.Build.0 = Debug|Any CPU
		{9AFA39B5-59C2-44C0-9EED-E072C33F4C3F}.Debug|x86.ActiveCfg = Debug|Any CPU
		{9AFA39B5-59C2-44C0-9EED-E072C33F4C3F}.Debug|x86.Build.0 = Debug|Any CPU
		{9AFA39B5-59C2-44C0-9EED-E072C33F4C3F}.Release|Any CPU.ActiveCfg = Release|Any CPU
		{9AFA39B5-59C2-44C0-9EED-E072C33F4C3F}.Release|Any CPU.Build.0 = Release|Any CPU
		{9AFA39B5-59C2-44C0-9EED-E072C33F4C3F}.Release|ARM.ActiveCfg = Release|Any CPU
		{9AFA39B5-59C2-44C0-9EED-E072C33F4C3F}.Release|ARM.Build.0 = Release|Any CPU
		{9AFA39B5-59C2-44C0-9EED-E072C33F4C3F}.Release|ARM64.ActiveCfg = Release|Any CPU
		{9AFA39B5-59C2-44C0-9EED-E072C33F4C3F}.Release|ARM64.Build.0 = Release|Any CPU
		{9AFA39B5-59C2-44C0-9EED-E072C33F4C3F}.Release|x64.ActiveCfg = Release|Any CPU
		{9AFA39B5-59C2-44C0-9EED-E072C33F4C3F}.Release|x64.Build.0 = Release|Any CPU
		{9AFA39B5-59C2-44C0-9EED-E072C33F4C3F}.Release|x86.ActiveCfg = Release|Any CPU
		{9AFA39B5-59C2-44C0-9EED-E072C33F4C3F}.Release|x86.Build.0 = Release|Any CPU
	EndGlobalSection
	GlobalSection(SolutionProperties) = preSolution
		HideSolutionNode = FALSE
	EndGlobalSection
	GlobalSection(ExtensibilityGlobals) = postSolution
		SolutionGuid = {EDF19548-738A-435D-9B3C-EDCEDBAE9673}
	EndGlobalSection
EndGlobal
